
Microsoft Visual Studio Solution File, Format Version 12.00
# Visual Studio 15
VisualStudioVersion = 15.0.27428.2037
MinimumVisualStudioVersion = 10.0.40219.1
Project("{9A19103F-16F7-4668-BE54-9A1E7A4F7556}") = "RandomFood", "RandomFood\RandomFood.csproj", "{588C0CD1-B1AB-44CF-B946-0E8DD0D41BDE}"
EndProject
Project("{E53339B2-1760-4266-BCC7-CA923CBCF16C}") = "docker-compose", "docker-compose.dcproj", "{6A5008EB-6149-49FA-8FE9-A7E2E63F2695}"
EndProject
Project("{E24C65DC-7377-472B-9ABA-BC803B73C61A}") = "randomfood_client", "randomfood_client\", "{8A87109E-C83F-4566-BCDA-EB98E2ACE85C}"
	ProjectSection(WebsiteProperties) = preProject
		TargetFrameworkMoniker = ".NETFramework,Version%3Dv4.0"
		Debug.AspNetCompiler.VirtualPath = "/localhost_58025"
		Debug.AspNetCompiler.PhysicalPath = "randomfood_client\"
		Debug.AspNetCompiler.TargetPath = "PrecompiledWeb\localhost_58025\"
		Debug.AspNetCompiler.Updateable = "true"
		Debug.AspNetCompiler.ForceOverwrite = "true"
		Debug.AspNetCompiler.FixedNames = "false"
		Debug.AspNetCompiler.Debug = "True"
		Release.AspNetCompiler.VirtualPath = "/localhost_58025"
		Release.AspNetCompiler.PhysicalPath = "randomfood_client\"
		Release.AspNetCompiler.TargetPath = "PrecompiledWeb\localhost_58025\"
		Release.AspNetCompiler.Updateable = "true"
		Release.AspNetCompiler.ForceOverwrite = "true"
		Release.AspNetCompiler.FixedNames = "false"
		Release.AspNetCompiler.Debug = "False"
		VWDPort = "58025"
		SlnRelativePath = "randomfood_client\"
	EndProjectSection
EndProject
Global
	GlobalSection(SolutionConfigurationPlatforms) = preSolution
		Debug|Any CPU = Debug|Any CPU
		Release|Any CPU = Release|Any CPU
	EndGlobalSection
	GlobalSection(ProjectConfigurationPlatforms) = postSolution
		{588C0CD1-B1AB-44CF-B946-0E8DD0D41BDE}.Debug|Any CPU.ActiveCfg = Debug|Any CPU
		{588C0CD1-B1AB-44CF-B946-0E8DD0D41BDE}.Debug|Any CPU.Build.0 = Debug|Any CPU
		{588C0CD1-B1AB-44CF-B946-0E8DD0D41BDE}.Release|Any CPU.ActiveCfg = Release|Any CPU
		{588C0CD1-B1AB-44CF-B946-0E8DD0D41BDE}.Release|Any CPU.Build.0 = Release|Any CPU
		{6A5008EB-6149-49FA-8FE9-A7E2E63F2695}.Debug|Any CPU.ActiveCfg = Debug|Any CPU
		{6A5008EB-6149-49FA-8FE9-A7E2E63F2695}.Debug|Any CPU.Build.0 = Debug|Any CPU
		{6A5008EB-6149-49FA-8FE9-A7E2E63F2695}.Release|Any CPU.ActiveCfg = Release|Any CPU
		{6A5008EB-6149-49FA-8FE9-A7E2E63F2695}.Release|Any CPU.Build.0 = Release|Any CPU
		{8A87109E-C83F-4566-BCDA-EB98E2ACE85C}.Debug|Any CPU.ActiveCfg = Debug|Any CPU
		{8A87109E-C83F-4566-BCDA-EB98E2ACE85C}.Debug|Any CPU.Build.0 = Debug|Any CPU
		{8A87109E-C83F-4566-BCDA-EB98E2ACE85C}.Release|Any CPU.ActiveCfg = Debug|Any CPU
		{8A87109E-C83F-4566-BCDA-EB98E2ACE85C}.Release|Any CPU.Build.0 = Debug|Any CPU
	EndGlobalSection
	GlobalSection(SolutionProperties) = preSolution
		HideSolutionNode = FALSE
	EndGlobalSection
	GlobalSection(ExtensibilityGlobals) = postSolution
		SolutionGuid = {E7C5ED1A-0B45-4A47-8973-3332CDD1F421}
	EndGlobalSection
EndGlobal
